# Pins the vendored copy of the canonical readiness validator. Regenerate
# with `nu .readiness/readiness.nu lock --update` after re-vendoring;
# `readiness.nu audit` in dotfiles reports any copy whose sha differs from
# the canonical file.
lock: readiness-lock/v1
contract_version: readiness/v1
validator_sha256: 61a2da8140c864f00d592a2c054e5676993bb46153a180e152e7c2b9465fc23a
source: Eugene3dotdev/dotfiles
source_path: readiness/readiness.nu
source_commit: f8551d7e836cd03f7362113e5bda54571b90f6e1
vendored_at: 2026-09-12T13:27:55Z
