# Pins the vendored copy of the canonical readiness validator. Regenerate
# with `nu .readiness/readiness.nu lock --update` after re-vendoring;
# `readiness.nu audit` in dotfiles reports any copy whose sha differs from
# the canonical file.
lock: readiness-lock/v1
contract_version: readiness/v1
validator_sha256: 6f046763d3dc1ed823c8a18f5a7c4dfbf05e67c680b433edc64beeda7b73e023
source: Eugene3dotdev/dotfiles
source_path: readiness/readiness.nu
source_commit: 6529fb2e212e0bc447d8db88ab68ba957c8b62d5
vendored_at: 2026-09-12T19:38:03Z
